
Microsoft Visual Studio Solution File, Format Version 12.00
# Visual Studio Version 17
VisualStudioVersion = 17.6.33829.357
MinimumVisualStudioVersion = 10.0.40219.1
Project("{FAE04EC0-301F-11D3-BF4B-00C04F79EFBC}") = "Lab01", "Lab01\Lab01.csproj", "{DB98A91E-528C-4492-BD19-2D259AD3FE66}"
EndProject
Project("{9A19103F-16F7-4668-BE54-9A1E7A4F7556}") = "Lab02", "Lab02\Lab02.csproj", "{D3E8878B-6096-4CC8-B4E1-D7DACB15D094}"
EndProject
Project("{9A19103F-16F7-4668-BE54-9A1E7A4F7556}") = "Lab03", "Lab03\Lab03.csproj", "{C08E4D83-8E1B-4BC0-9A09-FBF45E104CD4}"
EndProject
Project("{9A19103F-16F7-4668-BE54-9A1E7A4F7556}") = "Lab04", "Lab04\Lab04.csproj", "{CB983614-C05C-4F82-AA16-95E62177B609}"
EndProject
Project("{9A19103F-16F7-4668-BE54-9A1E7A4F7556}") = "Lab05WebAPI", "Lab05WebAPI\Lab05WebAPI.csproj", "{C79DC9C5-65AD-4DB0-A092-784C600E5127}"
EndProject
Project("{9A19103F-16F7-4668-BE54-9A1E7A4F7556}") = "Lab05WebApp", "Lab05WebApp\Lab05WebApp.csproj", "{401A98CB-8DC7-4BD5-BF45-07384B911EC0}"
EndProject
Project("{9A19103F-16F7-4668-BE54-9A1E7A4F7556}") = "Lab05", "Lab05\Lab05.csproj", "{B42969F3-68CB-4016-8563-07A118B09CAA}"
EndProject
Project("{FAE04EC0-301F-11D3-BF4B-00C04F79EFBC}") = "Lab06Domain", "Lab06Domain\Lab06Domain.csproj", "{1B6D6AB0-6D34-4B02-A679-30A646D28B2E}"
EndProject
Project("{FAE04EC0-301F-11D3-BF4B-00C04F79EFBC}") = "Lab06Infrastructure", "Lab06Repository\Lab06Infrastructure.csproj", "{76BA9B8B-AE96-484C-AD48-542A10D0FD3B}"
EndProject
Project("{FAE04EC0-301F-11D3-BF4B-00C04F79EFBC}") = "Lab06Onion", "Lab06Onion\Lab06Onion.csproj", "{46B874F8-FC87-4AD9-B716-8781BE6982FA}"
EndProject
Global
	GlobalSection(SolutionConfigurationPlatforms) = preSolution
		Debug|Any CPU = Debug|Any CPU
		Release|Any CPU = Release|Any CPU
	EndGlobalSection
	GlobalSection(ProjectConfigurationPlatforms) = postSolution
		{DB98A91E-528C-4492-BD19-2D259AD3FE66}.Debug|Any CPU.ActiveCfg = Debug|Any CPU
		{DB98A91E-528C-4492-BD19-2D259AD3FE66}.Debug|Any CPU.Build.0 = Debug|Any CPU
		{DB98A91E-528C-4492-BD19-2D259AD3FE66}.Release|Any CPU.ActiveCfg = Release|Any CPU
		{DB98A91E-528C-4492-BD19-2D259AD3FE66}.Release|Any CPU.Build.0 = Release|Any CPU
		{D3E8878B-6096-4CC8-B4E1-D7DACB15D094}.Debug|Any CPU.ActiveCfg = Debug|Any CPU
		{D3E8878B-6096-4CC8-B4E1-D7DACB15D094}.Debug|Any CPU.Build.0 = Debug|Any CPU
		{D3E8878B-6096-4CC8-B4E1-D7DACB15D094}.Release|Any CPU.ActiveCfg = Release|Any CPU
		{D3E8878B-6096-4CC8-B4E1-D7DACB15D094}.Release|Any CPU.Build.0 = Release|Any CPU
		{C08E4D83-8E1B-4BC0-9A09-FBF45E104CD4}.Debug|Any CPU.ActiveCfg = Debug|Any CPU
		{C08E4D83-8E1B-4BC0-9A09-FBF45E104CD4}.Debug|Any CPU.Build.0 = Debug|Any CPU
		{C08E4D83-8E1B-4BC0-9A09-FBF45E104CD4}.Release|Any CPU.ActiveCfg = Release|Any CPU
		{C08E4D83-8E1B-4BC0-9A09-FBF45E104CD4}.Release|Any CPU.Build.0 = Release|Any CPU
		{CB983614-C05C-4F82-AA16-95E62177B609}.Debug|Any CPU.ActiveCfg = Debug|Any CPU
		{CB983614-C05C-4F82-AA16-95E62177B609}.Debug|Any CPU.Build.0 = Debug|Any CPU
		{CB983614-C05C-4F82-AA16-95E62177B609}.Release|Any CPU.ActiveCfg = Release|Any CPU
		{CB983614-C05C-4F82-AA16-95E62177B609}.Release|Any CPU.Build.0 = Release|Any CPU
		{C79DC9C5-65AD-4DB0-A092-784C600E5127}.Debug|Any CPU.ActiveCfg = Debug|Any CPU
		{C79DC9C5-65AD-4DB0-A092-784C600E5127}.Debug|Any CPU.Build.0 = Debug|Any CPU
		{C79DC9C5-65AD-4DB0-A092-784C600E5127}.Release|Any CPU.ActiveCfg = Release|Any CPU
		{C79DC9C5-65AD-4DB0-A092-784C600E5127}.Release|Any CPU.Build.0 = Release|Any CPU
		{401A98CB-8DC7-4BD5-BF45-07384B911EC0}.Debug|Any CPU.ActiveCfg = Debug|Any CPU
		{401A98CB-8DC7-4BD5-BF45-07384B911EC0}.Debug|Any CPU.Build.0 = Debug|Any CPU
		{401A98CB-8DC7-4BD5-BF45-07384B911EC0}.Release|Any CPU.ActiveCfg = Release|Any CPU
		{401A98CB-8DC7-4BD5-BF45-07384B911EC0}.Release|Any CPU.Build.0 = Release|Any CPU
		{B42969F3-68CB-4016-8563-07A118B09CAA}.Debug|Any CPU.ActiveCfg = Debug|Any CPU
		{B42969F3-68CB-4016-8563-07A118B09CAA}.Debug|Any CPU.Build.0 = Debug|Any CPU
		{B42969F3-68CB-4016-8563-07A118B09CAA}.Release|Any CPU.ActiveCfg = Release|Any CPU
		{B42969F3-68CB-4016-8563-07A118B09CAA}.Release|Any CPU.Build.0 = Release|Any CPU
		{1B6D6AB0-6D34-4B02-A679-30A646D28B2E}.Debug|Any CPU.ActiveCfg = Debug|Any CPU
		{1B6D6AB0-6D34-4B02-A679-30A646D28B2E}.Debug|Any CPU.Build.0 = Debug|Any CPU
		{1B6D6AB0-6D34-4B02-A679-30A646D28B2E}.Release|Any CPU.ActiveCfg = Release|Any CPU
		{1B6D6AB0-6D34-4B02-A679-30A646D28B2E}.Release|Any CPU.Build.0 = Release|Any CPU
		{76BA9B8B-AE96-484C-AD48-542A10D0FD3B}.Debug|Any CPU.ActiveCfg = Debug|Any CPU
		{76BA9B8B-AE96-484C-AD48-542A10D0FD3B}.Debug|Any CPU.Build.0 = Debug|Any CPU
		{76BA9B8B-AE96-484C-AD48-542A10D0FD3B}.Release|Any CPU.ActiveCfg = Release|Any CPU
		{76BA9B8B-AE96-484C-AD48-542A10D0FD3B}.Release|Any CPU.Build.0 = Release|Any CPU
		{46B874F8-FC87-4AD9-B716-8781BE6982FA}.Debug|Any CPU.ActiveCfg = Debug|Any CPU
		{46B874F8-FC87-4AD9-B716-8781BE6982FA}.Debug|Any CPU.Build.0 = Debug|Any CPU
		{46B874F8-FC87-4AD9-B716-8781BE6982FA}.Release|Any CPU.ActiveCfg = Release|Any CPU
		{46B874F8-FC87-4AD9-B716-8781BE6982FA}.Release|Any CPU.Build.0 = Release|Any CPU
	EndGlobalSection
	GlobalSection(SolutionProperties) = preSolution
		HideSolutionNode = FALSE
	EndGlobalSection
	GlobalSection(ExtensibilityGlobals) = postSolution
		SolutionGuid = {B2C3C5BA-9897-49F8-8B89-50ECA8A19180}
	EndGlobalSection
EndGlobal
